
Microsoft Visual Studio Solution File, Format Version 12.00
# Visual Studio 2012
Project("{FAE04EC0-301F-11D3-BF4B-00C04F79EFBC}") = "SampleList", "SampleList\SampleList.csproj", "{EB56E732-F67F-4680-B78A-818D177EFC07}"
EndProject
Project("{FAE04EC0-301F-11D3-BF4B-00C04F79EFBC}") = "SampleList.Droid", "Droid\SampleList.Droid.csproj", "{71205B93-5C11-41CD-938D-DA252CEB2A24}"
EndProject
Global
	GlobalSection(SolutionConfigurationPlatforms) = preSolution
		Debug|Any CPU = Debug|Any CPU
		Release|Any CPU = Release|Any CPU
	EndGlobalSection
	GlobalSection(ProjectConfigurationPlatforms) = postSolution
		{71205B93-5C11-41CD-938D-DA252CEB2A24}.Debug|Any CPU.ActiveCfg = Debug|Any CPU
		{71205B93-5C11-41CD-938D-DA252CEB2A24}.Debug|Any CPU.Build.0 = Debug|Any CPU
		{71205B93-5C11-41CD-938D-DA252CEB2A24}.Release|Any CPU.ActiveCfg = Release|Any CPU
		{71205B93-5C11-41CD-938D-DA252CEB2A24}.Release|Any CPU.Build.0 = Release|Any CPU
		{EB56E732-F67F-4680-B78A-818D177EFC07}.Debug|Any CPU.ActiveCfg = Debug|Any CPU
		{EB56E732-F67F-4680-B78A-818D177EFC07}.Debug|Any CPU.Build.0 = Debug|Any CPU
		{EB56E732-F67F-4680-B78A-818D177EFC07}.Release|Any CPU.ActiveCfg = Release|Any CPU
		{EB56E732-F67F-4680-B78A-818D177EFC07}.Release|Any CPU.Build.0 = Release|Any CPU
	EndGlobalSection
EndGlobal
